
Microsoft Visual Studio Solution File, Format Version 12.00
# Visual Studio Version 17
VisualStudioVersion = 17.11.35219.272
MinimumVisualStudioVersion = 10.0.40219.1
Project("{9A19103F-16F7-4668-BE54-9A1E7A4F7556}") = "03 Kiểu dữ liệu,Biến và biểu thức", "03 Kiểu dữ liệu,Biến và biểu thức\03 Kiểu dữ liệu,Biến và biểu thức.csproj", "{B19096E3-3753-4F1A-A6D2-EFF0295CF079}"
EndProject
Project("{9A19103F-16F7-4668-BE54-9A1E7A4F7556}") = "Bai04", "Bai04\Bai04.csproj", "{1948AD52-7433-4CC1-9F00-0107E072C1FF}"
EndProject
Project("{9A19103F-16F7-4668-BE54-9A1E7A4F7556}") = "Bai06", "Bai06\Bai06.csproj", "{9A436AAD-4A20-45B0-AE7D-63BF79BEFDC6}"
EndProject
Project("{9A19103F-16F7-4668-BE54-9A1E7A4F7556}") = "Bai07", "Bai07\Bai07.csproj", "{C5F96EF2-3C74-4D3B-92AB-D6DD2CBAFB05}"
EndProject
Project("{9A19103F-16F7-4668-BE54-9A1E7A4F7556}") = "Bai08", "Bai08\Bai08.csproj", "{4C60D8BE-EE08-45BC-B50E-100860F60FA4}"
EndProject
Project("{9A19103F-16F7-4668-BE54-9A1E7A4F7556}") = "Bai09", "Bai09\Bai09.csproj", "{7F095DBA-77BB-4817-90F4-DB71E7D3EDB3}"
EndProject
Project("{9A19103F-16F7-4668-BE54-9A1E7A4F7556}") = "Bai10", "Bai10\Bai10.csproj", "{84332D23-33AF-4EFA-AB5C-C1BC9276D041}"
EndProject
Project("{9A19103F-16F7-4668-BE54-9A1E7A4F7556}") = "Bai12", "Bai12\Bai12.csproj", "{D8630248-1453-44D1-8605-E5D68BFB5DD9}"
EndProject
Project("{9A19103F-16F7-4668-BE54-9A1E7A4F7556}") = "Bai13", "Bai13\Bai13.csproj", "{5F8DBDE2-0D4B-48E5-B8B3-84EB5C593004}"
EndProject
Project("{9A19103F-16F7-4668-BE54-9A1E7A4F7556}") = "Bai14", "Bai14\Bai14.csproj", "{B6A0C883-C137-4878-89BD-0A953900CF0C}"
EndProject
Project("{9A19103F-16F7-4668-BE54-9A1E7A4F7556}") = "Bai15 - List", "Bai115 - List\Bai15 - List.csproj", "{54410328-30EC-4FCF-83D7-627881BC938C}"
EndProject
Project("{9A19103F-16F7-4668-BE54-9A1E7A4F7556}") = "Bai16 - Dictionary", "Bai16 - Dictionary\Bai16 - Dictionary.csproj", "{65B567CA-9FCB-42F0-877B-2525D202C606}"
EndProject
Project("{9A19103F-16F7-4668-BE54-9A1E7A4F7556}") = "Bai17-Project Thuc Te", "Bai17-Project Thuc Te\Bai17-Project Thuc Te.csproj", "{76154077-F242-47A2-953F-5011B64118EC}"
EndProject
Project("{9A19103F-16F7-4668-BE54-9A1E7A4F7556}") = "Bai19 - Class", "Bai19 - Class\Bai19 - Class.csproj", "{5854235E-0202-4F43-AE86-3B034704E9CF}"
EndProject
Project("{9A19103F-16F7-4668-BE54-9A1E7A4F7556}") = "Bai20-LopKeThua", "Bai20-LopKeThua\Bai20-LopKeThua.csproj", "{FF4D68F7-471B-4931-AF50-E3671733B519}"
EndProject
Project("{9A19103F-16F7-4668-BE54-9A1E7A4F7556}") = "Bai21-ProjectThucTe", "Bai21-ProjectThucTe\Bai21-ProjectThucTe.csproj", "{199455CF-8796-403B-8EEA-7EB4C9EDE9BE}"
EndProject
Project("{9A19103F-16F7-4668-BE54-9A1E7A4F7556}") = "Bai22 - GioiThieuWindowsForm", "Bai22 - GioiThieuWindowsForm\Bai22 - GioiThieuWindowsForm.csproj", "{D662FEEB-8308-4AD1-BF95-5046771F7092}"
EndProject
Project("{9A19103F-16F7-4668-BE54-9A1E7A4F7556}") = "1. Bài Tập Họ Tên", "1. Bài Tập Họ Tên\1. Bài Tập Họ Tên.csproj", "{228FB991-7CFC-41CC-88BF-A9B78F548E94}"
EndProject
Project("{9A19103F-16F7-4668-BE54-9A1E7A4F7556}") = "2. Formater App Excercise", "2. Formater App Excercise\2. Formater App Excercise.csproj", "{D7211952-D85D-4876-AA2C-568E1F962AC4}"
EndProject
Project("{FAE04EC0-301F-11D3-BF4B-00C04F79EFBC}") = "3. Turn Off Turn On Excercise", "3. Turn Off Turn On Excercise\3. Turn Off Turn On Excercise.csproj", "{DB981D12-1E85-4B56-9CD4-F66C23DB0348}"
EndProject
Project("{FAE04EC0-301F-11D3-BF4B-00C04F79EFBC}") = "4. DateTimePicker", "4. DateTimePicker\4. DateTimePicker.csproj", "{314C249A-3FB6-4605-B705-9C4DEA7931CE}"
EndProject
Global
	GlobalSection(SolutionConfigurationPlatforms) = preSolution
		Debug|Any CPU = Debug|Any CPU
		Release|Any CPU = Release|Any CPU
	EndGlobalSection
	GlobalSection(ProjectConfigurationPlatforms) = postSolution
		{B19096E3-3753-4F1A-A6D2-EFF0295CF079}.Debug|Any CPU.ActiveCfg = Debug|Any CPU
		{B19096E3-3753-4F1A-A6D2-EFF0295CF079}.Debug|Any CPU.Build.0 = Debug|Any CPU
		{B19096E3-3753-4F1A-A6D2-EFF0295CF079}.Release|Any CPU.ActiveCfg = Release|Any CPU
		{B19096E3-3753-4F1A-A6D2-EFF0295CF079}.Release|Any CPU.Build.0 = Release|Any CPU
		{1948AD52-7433-4CC1-9F00-0107E072C1FF}.Debug|Any CPU.ActiveCfg = Debug|Any CPU
		{1948AD52-7433-4CC1-9F00-0107E072C1FF}.Debug|Any CPU.Build.0 = Debug|Any CPU
		{1948AD52-7433-4CC1-9F00-0107E072C1FF}.Release|Any CPU.ActiveCfg = Release|Any CPU
		{1948AD52-7433-4CC1-9F00-0107E072C1FF}.Release|Any CPU.Build.0 = Release|Any CPU
		{9A436AAD-4A20-45B0-AE7D-63BF79BEFDC6}.Debug|Any CPU.ActiveCfg = Debug|Any CPU
		{9A436AAD-4A20-45B0-AE7D-63BF79BEFDC6}.Debug|Any CPU.Build.0 = Debug|Any CPU
		{9A436AAD-4A20-45B0-AE7D-63BF79BEFDC6}.Release|Any CPU.ActiveCfg = Release|Any CPU
		{9A436AAD-4A20-45B0-AE7D-63BF79BEFDC6}.Release|Any CPU.Build.0 = Release|Any CPU
		{C5F96EF2-3C74-4D3B-92AB-D6DD2CBAFB05}.Debug|Any CPU.ActiveCfg = Debug|Any CPU
		{C5F96EF2-3C74-4D3B-92AB-D6DD2CBAFB05}.Debug|Any CPU.Build.0 = Debug|Any CPU
		{C5F96EF2-3C74-4D3B-92AB-D6DD2CBAFB05}.Release|Any CPU.ActiveCfg = Release|Any CPU
		{C5F96EF2-3C74-4D3B-92AB-D6DD2CBAFB05}.Release|Any CPU.Build.0 = Release|Any CPU
		{4C60D8BE-EE08-45BC-B50E-100860F60FA4}.Debug|Any CPU.ActiveCfg = Debug|Any CPU
		{4C60D8BE-EE08-45BC-B50E-100860F60FA4}.Debug|Any CPU.Build.0 = Debug|Any CPU
		{4C60D8BE-EE08-45BC-B50E-100860F60FA4}.Release|Any CPU.ActiveCfg = Release|Any CPU
		{4C60D8BE-EE08-45BC-B50E-100860F60FA4}.Release|Any CPU.Build.0 = Release|Any CPU
		{7F095DBA-77BB-4817-90F4-DB71E7D3EDB3}.Debug|Any CPU.ActiveCfg = Debug|Any CPU
		{7F095DBA-77BB-4817-90F4-DB71E7D3EDB3}.Debug|Any CPU.Build.0 = Debug|Any CPU
		{7F095DBA-77BB-4817-90F4-DB71E7D3EDB3}.Release|Any CPU.ActiveCfg = Release|Any CPU
		{7F095DBA-77BB-4817-90F4-DB71E7D3EDB3}.Release|Any CPU.Build.0 = Release|Any CPU
		{84332D23-33AF-4EFA-AB5C-C1BC9276D041}.Debug|Any CPU.ActiveCfg = Debug|Any CPU
		{84332D23-33AF-4EFA-AB5C-C1BC9276D041}.Debug|Any CPU.Build.0 = Debug|Any CPU
		{84332D23-33AF-4EFA-AB5C-C1BC9276D041}.Release|Any CPU.ActiveCfg = Release|Any CPU
		{84332D23-33AF-4EFA-AB5C-C1BC9276D041}.Release|Any CPU.Build.0 = Release|Any CPU
		{D8630248-1453-44D1-8605-E5D68BFB5DD9}.Debug|Any CPU.ActiveCfg = Debug|Any CPU
		{D8630248-1453-44D1-8605-E5D68BFB5DD9}.Debug|Any CPU.Build.0 = Debug|Any CPU
		{D8630248-1453-44D1-8605-E5D68BFB5DD9}.Release|Any CPU.ActiveCfg = Release|Any CPU
		{D8630248-1453-44D1-8605-E5D68BFB5DD9}.Release|Any CPU.Build.0 = Release|Any CPU
		{5F8DBDE2-0D4B-48E5-B8B3-84EB5C593004}.Debug|Any CPU.ActiveCfg = Debug|Any CPU
		{5F8DBDE2-0D4B-48E5-B8B3-84EB5C593004}.Debug|Any CPU.Build.0 = Debug|Any CPU
		{5F8DBDE2-0D4B-48E5-B8B3-84EB5C593004}.Release|Any CPU.ActiveCfg = Release|Any CPU
		{5F8DBDE2-0D4B-48E5-B8B3-84EB5C593004}.Release|Any CPU.Build.0 = Release|Any CPU
		{B6A0C883-C137-4878-89BD-0A953900CF0C}.Debug|Any CPU.ActiveCfg = Debug|Any CPU
		{B6A0C883-C137-4878-89BD-0A953900CF0C}.Debug|Any CPU.Build.0 = Debug|Any CPU
		{B6A0C883-C137-4878-89BD-0A953900CF0C}.Release|Any CPU.ActiveCfg = Release|Any CPU
		{B6A0C883-C137-4878-89BD-0A953900CF0C}.Release|Any CPU.Build.0 = Release|Any CPU
		{54410328-30EC-4FCF-83D7-627881BC938C}.Debug|Any CPU.ActiveCfg = Debug|Any CPU
		{54410328-30EC-4FCF-83D7-627881BC938C}.Debug|Any CPU.Build.0 = Debug|Any CPU
		{54410328-30EC-4FCF-83D7-627881BC938C}.Release|Any CPU.ActiveCfg = Release|Any CPU
		{54410328-30EC-4FCF-83D7-627881BC938C}.Release|Any CPU.Build.0 = Release|Any CPU
		{65B567CA-9FCB-42F0-877B-2525D202C606}.Debug|Any CPU.ActiveCfg = Debug|Any CPU
		{65B567CA-9FCB-42F0-877B-2525D202C606}.Debug|Any CPU.Build.0 = Debug|Any CPU
		{65B567CA-9FCB-42F0-877B-2525D202C606}.Release|Any CPU.ActiveCfg = Release|Any CPU
		{65B567CA-9FCB-42F0-877B-2525D202C606}.Release|Any CPU.Build.0 = Release|Any CPU
		{76154077-F242-47A2-953F-5011B64118EC}.Debug|Any CPU.ActiveCfg = Debug|Any CPU
		{76154077-F242-47A2-953F-5011B64118EC}.Debug|Any CPU.Build.0 = Debug|Any CPU
		{76154077-F242-47A2-953F-5011B64118EC}.Release|Any CPU.ActiveCfg = Release|Any CPU
		{76154077-F242-47A2-953F-5011B64118EC}.Release|Any CPU.Build.0 = Release|Any CPU
		{5854235E-0202-4F43-AE86-3B034704E9CF}.Debug|Any CPU.ActiveCfg = Debug|Any CPU
		{5854235E-0202-4F43-AE86-3B034704E9CF}.Debug|Any CPU.Build.0 = Debug|Any CPU
		{5854235E-0202-4F43-AE86-3B034704E9CF}.Release|Any CPU.ActiveCfg = Release|Any CPU
		{5854235E-0202-4F43-AE86-3B034704E9CF}.Release|Any CPU.Build.0 = Release|Any CPU
		{FF4D68F7-471B-4931-AF50-E3671733B519}.Debug|Any CPU.ActiveCfg = Debug|Any CPU
		{FF4D68F7-471B-4931-AF50-E3671733B519}.Debug|Any CPU.Build.0 = Debug|Any CPU
		{FF4D68F7-471B-4931-AF50-E3671733B519}.Release|Any CPU.ActiveCfg = Release|Any CPU
		{FF4D68F7-471B-4931-AF50-E3671733B519}.Release|Any CPU.Build.0 = Release|Any CPU
		{199455CF-8796-403B-8EEA-7EB4C9EDE9BE}.Debug|Any CPU.ActiveCfg = Debug|Any CPU
		{199455CF-8796-403B-8EEA-7EB4C9EDE9BE}.Debug|Any CPU.Build.0 = Debug|Any CPU
		{199455CF-8796-403B-8EEA-7EB4C9EDE9BE}.Release|Any CPU.ActiveCfg = Release|Any CPU
		{199455CF-8796-403B-8EEA-7EB4C9EDE9BE}.Release|Any CPU.Build.0 = Release|Any CPU
		{D662FEEB-8308-4AD1-BF95-5046771F7092}.Debug|Any CPU.ActiveCfg = Debug|Any CPU
		{D662FEEB-8308-4AD1-BF95-5046771F7092}.Debug|Any CPU.Build.0 = Debug|Any CPU
		{D662FEEB-8308-4AD1-BF95-5046771F7092}.Release|Any CPU.ActiveCfg = Release|Any CPU
		{D662FEEB-8308-4AD1-BF95-5046771F7092}.Release|Any CPU.Build.0 = Release|Any CPU
		{228FB991-7CFC-41CC-88BF-A9B78F548E94}.Debug|Any CPU.ActiveCfg = Debug|Any CPU
		{228FB991-7CFC-41CC-88BF-A9B78F548E94}.Debug|Any CPU.Build.0 = Debug|Any CPU
		{228FB991-7CFC-41CC-88BF-A9B78F548E94}.Release|Any CPU.ActiveCfg = Release|Any CPU
		{228FB991-7CFC-41CC-88BF-A9B78F548E94}.Release|Any CPU.Build.0 = Release|Any CPU
		{D7211952-D85D-4876-AA2C-568E1F962AC4}.Debug|Any CPU.ActiveCfg = Debug|Any CPU
		{D7211952-D85D-4876-AA2C-568E1F962AC4}.Debug|Any CPU.Build.0 = Debug|Any CPU
		{D7211952-D85D-4876-AA2C-568E1F962AC4}.Release|Any CPU.ActiveCfg = Release|Any CPU
		{D7211952-D85D-4876-AA2C-568E1F962AC4}.Release|Any CPU.Build.0 = Release|Any CPU
		{DB981D12-1E85-4B56-9CD4-F66C23DB0348}.Debug|Any CPU.ActiveCfg = Debug|Any CPU
		{DB981D12-1E85-4B56-9CD4-F66C23DB0348}.Debug|Any CPU.Build.0 = Debug|Any CPU
		{DB981D12-1E85-4B56-9CD4-F66C23DB0348}.Release|Any CPU.ActiveCfg = Release|Any CPU
		{DB981D12-1E85-4B56-9CD4-F66C23DB0348}.Release|Any CPU.Build.0 = Release|Any CPU
		{314C249A-3FB6-4605-B705-9C4DEA7931CE}.Debug|Any CPU.ActiveCfg = Debug|Any CPU
		{314C249A-3FB6-4605-B705-9C4DEA7931CE}.Debug|Any CPU.Build.0 = Debug|Any CPU
		{314C249A-3FB6-4605-B705-9C4DEA7931CE}.Release|Any CPU.ActiveCfg = Release|Any CPU
		{314C249A-3FB6-4605-B705-9C4DEA7931CE}.Release|Any CPU.Build.0 = Release|Any CPU
	EndGlobalSection
	GlobalSection(SolutionProperties) = preSolution
		HideSolutionNode = FALSE
	EndGlobalSection
	GlobalSection(ExtensibilityGlobals) = postSolution
		SolutionGuid = {53A1C257-B38C-4617-85C6-3EF851872F22}
	EndGlobalSection
EndGlobal
