
Microsoft Visual Studio Solution File, Format Version 12.00
# Visual Studio Version 17
VisualStudioVersion = 17.11.35219.272
MinimumVisualStudioVersion = 10.0.40219.1
Project("{9A19103F-16F7-4668-BE54-9A1E7A4F7556}") = "03 Kiểu dữ liệu,Biến và biểu thức", "03 Kiểu dữ liệu,Biến và biểu thức\03 Kiểu dữ liệu,Biến và biểu thức.csproj", "{B19096E3-3753-4F1A-A6D2-EFF0295CF079}"
EndProject
Project("{9A19103F-16F7-4668-BE54-9A1E7A4F7556}") = "Bai04", "Bai04\Bai04.csproj", "{1948AD52-7433-4CC1-9F00-0107E072C1FF}"
EndProject
Project("{9A19103F-16F7-4668-BE54-9A1E7A4F7556}") = "Bai06", "Bai06\Bai06.csproj", "{9A436AAD-4A20-45B0-AE7D-63BF79BEFDC6}"
EndProject
Project("{9A19103F-16F7-4668-BE54-9A1E7A4F7556}") = "Bai07", "Bai07\Bai07.csproj", "{C5F96EF2-3C74-4D3B-92AB-D6DD2CBAFB05}"
EndProject
Project("{9A19103F-16F7-4668-BE54-9A1E7A4F7556}") = "Bai08", "Bai08\Bai08.csproj", "{4C60D8BE-EE08-45BC-B50E-100860F60FA4}"
EndProject
Project("{9A19103F-16F7-4668-BE54-9A1E7A4F7556}") = "Bai09", "Bai09\Bai09.csproj", "{7F095DBA-77BB-4817-90F4-DB71E7D3EDB3}"
EndProject
Project("{9A19103F-16F7-4668-BE54-9A1E7A4F7556}") = "Bai10", "Bai10\Bai10.csproj", "{84332D23-33AF-4EFA-AB5C-C1BC9276D041}"
EndProject
Project("{9A19103F-16F7-4668-BE54-9A1E7A4F7556}") = "Bai12", "Bai12\Bai12.csproj", "{D8630248-1453-44D1-8605-E5D68BFB5DD9}"
EndProject
Project("{FAE04EC0-301F-11D3-BF4B-00C04F79EFBC}") = "Bai13", "Bai13\Bai13.csproj", "{5F8DBDE2-0D4B-48E5-B8B3-84EB5C593004}"
EndProject
Project("{FAE04EC0-301F-11D3-BF4B-00C04F79EFBC}") = "Bai14", "Bai14\Bai14.csproj", "{B6A0C883-C137-4878-89BD-0A953900CF0C}"
EndProject
Project("{FAE04EC0-301F-11D3-BF4B-00C04F79EFBC}") = "Bai15 - List", "Bai115 - List\Bai15 - List.csproj", "{54410328-30EC-4FCF-83D7-627881BC938C}"
EndProject
Project("{FAE04EC0-301F-11D3-BF4B-00C04F79EFBC}") = "Bai16 - Dictionary", "Bai16 - Dictionary\Bai16 - Dictionary.csproj", "{65B567CA-9FCB-42F0-877B-2525D202C606}"
EndProject
Global
	GlobalSection(SolutionConfigurationPlatforms) = preSolution
		Debug|Any CPU = Debug|Any CPU
		Release|Any CPU = Release|Any CPU
	EndGlobalSection
	GlobalSection(ProjectConfigurationPlatforms) = postSolution
		{B19096E3-3753-4F1A-A6D2-EFF0295CF079}.Debug|Any CPU.ActiveCfg = Debug|Any CPU
		{B19096E3-3753-4F1A-A6D2-EFF0295CF079}.Debug|Any CPU.Build.0 = Debug|Any CPU
		{B19096E3-3753-4F1A-A6D2-EFF0295CF079}.Release|Any CPU.ActiveCfg = Release|Any CPU
		{B19096E3-3753-4F1A-A6D2-EFF0295CF079}.Release|Any CPU.Build.0 = Release|Any CPU
		{1948AD52-7433-4CC1-9F00-0107E072C1FF}.Debug|Any CPU.ActiveCfg = Debug|Any CPU
		{1948AD52-7433-4CC1-9F00-0107E072C1FF}.Debug|Any CPU.Build.0 = Debug|Any CPU
		{1948AD52-7433-4CC1-9F00-0107E072C1FF}.Release|Any CPU.ActiveCfg = Release|Any CPU
		{1948AD52-7433-4CC1-9F00-0107E072C1FF}.Release|Any CPU.Build.0 = Release|Any CPU
		{9A436AAD-4A20-45B0-AE7D-63BF79BEFDC6}.Debug|Any CPU.ActiveCfg = Debug|Any CPU
		{9A436AAD-4A20-45B0-AE7D-63BF79BEFDC6}.Debug|Any CPU.Build.0 = Debug|Any CPU
		{9A436AAD-4A20-45B0-AE7D-63BF79BEFDC6}.Release|Any CPU.ActiveCfg = Release|Any CPU
		{9A436AAD-4A20-45B0-AE7D-63BF79BEFDC6}.Release|Any CPU.Build.0 = Release|Any CPU
		{C5F96EF2-3C74-4D3B-92AB-D6DD2CBAFB05}.Debug|Any CPU.ActiveCfg = Debug|Any CPU
		{C5F96EF2-3C74-4D3B-92AB-D6DD2CBAFB05}.Debug|Any CPU.Build.0 = Debug|Any CPU
		{C5F96EF2-3C74-4D3B-92AB-D6DD2CBAFB05}.Release|Any CPU.ActiveCfg = Release|Any CPU
		{C5F96EF2-3C74-4D3B-92AB-D6DD2CBAFB05}.Release|Any CPU.Build.0 = Release|Any CPU
		{4C60D8BE-EE08-45BC-B50E-100860F60FA4}.Debug|Any CPU.ActiveCfg = Debug|Any CPU
		{4C60D8BE-EE08-45BC-B50E-100860F60FA4}.Debug|Any CPU.Build.0 = Debug|Any CPU
		{4C60D8BE-EE08-45BC-B50E-100860F60FA4}.Release|Any CPU.ActiveCfg = Release|Any CPU
		{4C60D8BE-EE08-45BC-B50E-100860F60FA4}.Release|Any CPU.Build.0 = Release|Any CPU
		{7F095DBA-77BB-4817-90F4-DB71E7D3EDB3}.Debug|Any CPU.ActiveCfg = Debug|Any CPU
		{7F095DBA-77BB-4817-90F4-DB71E7D3EDB3}.Debug|Any CPU.Build.0 = Debug|Any CPU
		{7F095DBA-77BB-4817-90F4-DB71E7D3EDB3}.Release|Any CPU.ActiveCfg = Release|Any CPU
		{7F095DBA-77BB-4817-90F4-DB71E7D3EDB3}.Release|Any CPU.Build.0 = Release|Any CPU
		{84332D23-33AF-4EFA-AB5C-C1BC9276D041}.Debug|Any CPU.ActiveCfg = Debug|Any CPU
		{84332D23-33AF-4EFA-AB5C-C1BC9276D041}.Debug|Any CPU.Build.0 = Debug|Any CPU
		{84332D23-33AF-4EFA-AB5C-C1BC9276D041}.Release|Any CPU.ActiveCfg = Release|Any CPU
		{84332D23-33AF-4EFA-AB5C-C1BC9276D041}.Release|Any CPU.Build.0 = Release|Any CPU
		{D8630248-1453-44D1-8605-E5D68BFB5DD9}.Debug|Any CPU.ActiveCfg = Debug|Any CPU
		{D8630248-1453-44D1-8605-E5D68BFB5DD9}.Debug|Any CPU.Build.0 = Debug|Any CPU
		{D8630248-1453-44D1-8605-E5D68BFB5DD9}.Release|Any CPU.ActiveCfg = Release|Any CPU
		{D8630248-1453-44D1-8605-E5D68BFB5DD9}.Release|Any CPU.Build.0 = Release|Any CPU
		{5F8DBDE2-0D4B-48E5-B8B3-84EB5C593004}.Debug|Any CPU.ActiveCfg = Debug|Any CPU
		{5F8DBDE2-0D4B-48E5-B8B3-84EB5C593004}.Debug|Any CPU.Build.0 = Debug|Any CPU
		{5F8DBDE2-0D4B-48E5-B8B3-84EB5C593004}.Release|Any CPU.ActiveCfg = Release|Any CPU
		{5F8DBDE2-0D4B-48E5-B8B3-84EB5C593004}.Release|Any CPU.Build.0 = Release|Any CPU
		{B6A0C883-C137-4878-89BD-0A953900CF0C}.Debug|Any CPU.ActiveCfg = Debug|Any CPU
		{B6A0C883-C137-4878-89BD-0A953900CF0C}.Debug|Any CPU.Build.0 = Debug|Any CPU
		{B6A0C883-C137-4878-89BD-0A953900CF0C}.Release|Any CPU.ActiveCfg = Release|Any CPU
		{B6A0C883-C137-4878-89BD-0A953900CF0C}.Release|Any CPU.Build.0 = Release|Any CPU
		{54410328-30EC-4FCF-83D7-627881BC938C}.Debug|Any CPU.ActiveCfg = Debug|Any CPU
		{54410328-30EC-4FCF-83D7-627881BC938C}.Debug|Any CPU.Build.0 = Debug|Any CPU
		{54410328-30EC-4FCF-83D7-627881BC938C}.Release|Any CPU.ActiveCfg = Release|Any CPU
		{54410328-30EC-4FCF-83D7-627881BC938C}.Release|Any CPU.Build.0 = Release|Any CPU
		{65B567CA-9FCB-42F0-877B-2525D202C606}.Debug|Any CPU.ActiveCfg = Debug|Any CPU
		{65B567CA-9FCB-42F0-877B-2525D202C606}.Debug|Any CPU.Build.0 = Debug|Any CPU
		{65B567CA-9FCB-42F0-877B-2525D202C606}.Release|Any CPU.ActiveCfg = Release|Any CPU
		{65B567CA-9FCB-42F0-877B-2525D202C606}.Release|Any CPU.Build.0 = Release|Any CPU
	EndGlobalSection
	GlobalSection(SolutionProperties) = preSolution
		HideSolutionNode = FALSE
	EndGlobalSection
	GlobalSection(ExtensibilityGlobals) = postSolution
		SolutionGuid = {53A1C257-B38C-4617-85C6-3EF851872F22}
	EndGlobalSection
EndGlobal
